{
  "lockfileVersion": 1,
  "configVersion": 1,
  "workspaces": {
    "": {
      "name": "@vellumai/proxy-sidecar",
      "dependencies": {
        "tldts": "^7.0.23",
        "uuid": "^11.1.0",
      },
      "devDependencies": {
        "@types/bun": "^1.2.4",
        "@types/node": "^25.2.2",
        "typescript": "^5.7.3",
      },
    },
  },
  "packages": {
    "@types/bun": ["@types/bun@1.3.10", "", { "dependencies": { "bun-types": "1.3.10" } }, "sha512-0+rlrUrOrTSskibryHbvQkDOWRJwJZqZlxrUs1u4oOoTln8+WIXBPmAuCF35SWB2z4Zl3E84Nl/D0P7803nigQ=="],

    "@types/node": ["@types/node@25.3.3", "", { "dependencies": { "undici-types": "~7.18.0" } }, "sha512-DpzbrH7wIcBaJibpKo9nnSQL0MTRdnWttGyE5haGwK86xgMOkFLp7vEyfQPGLOJh5wNYiJ3V9PmUMDhV9u8kkQ=="],

    "bun-types": ["bun-types@1.3.10", "", { "dependencies": { "@types/node": "*" } }, "sha512-tcpfCCl6XWo6nCVnpcVrxQ+9AYN1iqMIzgrSKYMB/fjLtV2eyAVEg7AxQJuCq/26R6HpKWykQXuSOq/21RYcbg=="],

    "tldts": ["tldts@7.0.24", "", { "dependencies": { "tldts-core": "^7.0.24" }, "bin": { "tldts": "bin/cli.js" } }, "sha512-1r6vQTTt1rUiJkI5vX7KG8PR342Ru/5Oh13kEQP2SMbRSZpOey9SrBe27IDxkoWulx8ShWu4K6C0BkctP8Z1bQ=="],

    "tldts-core": ["tldts-core@7.0.24", "", {}, "sha512-pj7yygNMoMRqG7ML2SDQ0xNIOfN3IBDUcPVM2Sg6hP96oFNN2nqnzHreT3z9xLq85IWJyNTvD38O002DdOrPMw=="],

    "typescript": ["typescript@5.9.3", "", { "bin": { "tsc": "bin/tsc", "tsserver": "bin/tsserver" } }, "sha512-jl1vZzPDinLr9eUt3J/t7V6FgNEw9QjvBPdysz9KfQDD41fQrC2Y4vKQdiaUpFT4bXlb1RHhLpp8wtm6M5TgSw=="],

    "undici-types": ["undici-types@7.18.2", "", {}, "sha512-AsuCzffGHJybSaRrmr5eHr81mwJU3kjw6M+uprWvCXiNeN9SOGwQ3Jn8jb8m3Z6izVgknn1R0FTCEAP2QrLY/w=="],

    "uuid": ["uuid@11.1.0", "", { "bin": { "uuid": "dist/esm/bin/uuid" } }, "sha512-0/A9rDy9P7cJ+8w1c9WD9V//9Wj15Ce2MPz8Ri6032usz+NfePxx5AcN3bN+r6ZL6jEo066/yNYB3tn4pQEx+A=="],
  }
}
